
Microsoft Visual Studio Solution File, Format Version 12.00
Project("{FAE04EC0-301F-11D3-BF4B-00C04F79EFBC}") = "BookTrail.API", "BookTrail.API\BookTrail.API.csproj", "{24CA1329-B9C5-441A-A9BC-11EAA85EEE68}"
EndProject
Global
	GlobalSection(SolutionConfigurationPlatforms) = preSolution
		Debug|Any CPU = Debug|Any CPU
		Release|Any CPU = Release|Any CPU
	EndGlobalSection
	GlobalSection(ProjectConfigurationPlatforms) = postSolution
		{24CA1329-B9C5-441A-A9BC-11EAA85EEE68}.Debug|Any CPU.ActiveCfg = Debug|Any CPU
		{24CA1329-B9C5-441A-A9BC-11EAA85EEE68}.Debug|Any CPU.Build.0 = Debug|Any CPU
		{24CA1329-B9C5-441A-A9BC-11EAA85EEE68}.Release|Any CPU.ActiveCfg = Release|Any CPU
		{24CA1329-B9C5-441A-A9BC-11EAA85EEE68}.Release|Any CPU.Build.0 = Release|Any CPU
	EndGlobalSection
EndGlobal
